
Microsoft Visual Studio Solution File, Format Version 12.00
# Visual Studio 2013
VisualStudioVersion = 12.0.21005.1
MinimumVisualStudioVersion = 10.0.40219.1
Project("{FAE04EC0-301F-11D3-BF4B-00C04F79EFBC}") = "NgVal", "NgVal\NgVal.csproj", "{FE35A3C5-7731-495A-80AE-B63D8CA964EB}"
EndProject
Project("{FAE04EC0-301F-11D3-BF4B-00C04F79EFBC}") = "NgVal.Tests", "NgVal.Tests\NgVal.Tests.csproj", "{29BCE950-947B-409D-BD87-FF20DF7A2829}"
EndProject
Global
	GlobalSection(SolutionConfigurationPlatforms) = preSolution
		Debug|Any CPU = Debug|Any CPU
		Release|Any CPU = Release|Any CPU
	EndGlobalSection
	GlobalSection(ProjectConfigurationPlatforms) = postSolution
		{FE35A3C5-7731-495A-80AE-B63D8CA964EB}.Debug|Any CPU.ActiveCfg = Debug|Any CPU
		{FE35A3C5-7731-495A-80AE-B63D8CA964EB}.Debug|Any CPU.Build.0 = Debug|Any CPU
		{FE35A3C5-7731-495A-80AE-B63D8CA964EB}.Release|Any CPU.ActiveCfg = Release|Any CPU
		{FE35A3C5-7731-495A-80AE-B63D8CA964EB}.Release|Any CPU.Build.0 = Release|Any CPU
		{29BCE950-947B-409D-BD87-FF20DF7A2829}.Debug|Any CPU.ActiveCfg = Debug|Any CPU
		{29BCE950-947B-409D-BD87-FF20DF7A2829}.Debug|Any CPU.Build.0 = Debug|Any CPU
		{29BCE950-947B-409D-BD87-FF20DF7A2829}.Release|Any CPU.ActiveCfg = Release|Any CPU
		{29BCE950-947B-409D-BD87-FF20DF7A2829}.Release|Any CPU.Build.0 = Release|Any CPU
	EndGlobalSection
	GlobalSection(SolutionProperties) = preSolution
		HideSolutionNode = FALSE
	EndGlobalSection
EndGlobal
